NeoBundleLock lightline.vim 967501e7a1cc96ef3aac596741e5ec30dc8ed566
NeoBundleLock neobundle.vim 849487832fb2f3f76d2031bb439148d4bb85595d
NeoBundleLock neocomplete 39661033cce39ebd013451b49809e94ade3ba08c
NeoBundleLock neocomplete-php 68c3b3a6439c6c5cc0640260dde52eef197dd2f3
NeoBundleLock neosnippet 19dc3db526f4441b7a419dd7899d84d5ab3f599f
NeoBundleLock neosnippet-snippets f72814aee4f8530b0f22ca9fa814e1e6473ba543
NeoBundleLock nerdtree bcf3de4fdffae45fc7c85b6b84a01b37177924aa
NeoBundleLock syntastic 3c2e7e4ce37bc68b54f23c62efd0be291e6dc450
NeoBundleLock vim-autoclose a9a3b7384657bc1f60a963fd6c08c63fc48d61c3
NeoBundleLock vimproc 150d5fd04fed462831b99539dfe9920a00a7cea6
