NeoBundleLock lightline.vim 967501e7a1cc96ef3aac596741e5ec30dc8ed566
NeoBundleLock neobundle.vim 508db1afe01c703149ba045bedc6baae6f90890d
NeoBundleLock neocomplete 39661033cce39ebd013451b49809e94ade3ba08c
NeoBundleLock neocomplete-php 68c3b3a6439c6c5cc0640260dde52eef197dd2f3
NeoBundleLock neosnippet 1617094a8c9df36d9a505f533b3a2efa44039412
NeoBundleLock neosnippet-snippets f72814aee4f8530b0f22ca9fa814e1e6473ba543
NeoBundleLock nerdtree bcf3de4fdffae45fc7c85b6b84a01b37177924aa
NeoBundleLock syntastic 0fe6035959a263efe7977d203221461e45c5a068
NeoBundleLock vim-autoclose a9a3b7384657bc1f60a963fd6c08c63fc48d61c3
NeoBundleLock vimproc a6bd6893749e3cbfb07230f4284c36b2dc2d8179
